{
  "name": "real-estate-learning",
  "version": "0.0.0",
  "lockfileVersion": 1,
  "dependencies": {
    "google-trends-api": {
      "version": "4.1.0",
      "resolved": "https://registry.npmjs.org/google-trends-api/-/google-trends-api-4.1.0.tgz",
      "integrity": "sha1-ee4bQdDhscFbmEkRBi7oOfIy36U="
    },
    "sentiment": {
      "version": "4.0.0",
      "resolved": "https://registry.npmjs.org/sentiment/-/sentiment-4.0.0.tgz",
      "integrity": "sha1-CT4DBSz8V0CudhDchKCTME0RkWY="
    }
  }
}
